
Microsoft Visual Studio Solution File, Format Version 12.00
# Visual Studio 14
VisualStudioVersion = 14.0.25123.0
MinimumVisualStudioVersion = 10.0.40219.1
Project("{FAE04EC0-301F-11D3-BF4B-00C04F79EFBC}") = "UbClient", "UbClient\UbClient.csproj", "{D672EF4B-D03F-4F93-814D-7B50BAD1330C}"
EndProject
Project("{FAE04EC0-301F-11D3-BF4B-00C04F79EFBC}") = "UbClient.UnitTests", "UbClient.UnitTests\UbClient.UnitTests.csproj", "{B5B3384C-CCA6-4109-AA81-CD7356A7D674}"
EndProject
Global
	GlobalSection(SolutionConfigurationPlatforms) = preSolution
		Debug|Any CPU = Debug|Any CPU
		Release|Any CPU = Release|Any CPU
	EndGlobalSection
	GlobalSection(ProjectConfigurationPlatforms) = postSolution
		{D672EF4B-D03F-4F93-814D-7B50BAD1330C}.Debug|Any CPU.ActiveCfg = Debug|Any CPU
		{D672EF4B-D03F-4F93-814D-7B50BAD1330C}.Debug|Any CPU.Build.0 = Debug|Any CPU
		{D672EF4B-D03F-4F93-814D-7B50BAD1330C}.Release|Any CPU.ActiveCfg = Release|Any CPU
		{D672EF4B-D03F-4F93-814D-7B50BAD1330C}.Release|Any CPU.Build.0 = Release|Any CPU
		{B5B3384C-CCA6-4109-AA81-CD7356A7D674}.Debug|Any CPU.ActiveCfg = Debug|Any CPU
		{B5B3384C-CCA6-4109-AA81-CD7356A7D674}.Debug|Any CPU.Build.0 = Debug|Any CPU
		{B5B3384C-CCA6-4109-AA81-CD7356A7D674}.Release|Any CPU.ActiveCfg = Release|Any CPU
		{B5B3384C-CCA6-4109-AA81-CD7356A7D674}.Release|Any CPU.Build.0 = Release|Any CPU
	EndGlobalSection
	GlobalSection(SolutionProperties) = preSolution
		HideSolutionNode = FALSE
	EndGlobalSection
EndGlobal
